// !$*UTF8*$!
{
	archiveVersion = 1;
	classes = {
	};
	objectVersion = 48;
	objects = {

/* Begin PBXBuildFile section */
		B259FD891FA6BC76005D0E46 /* AppDelegate.swift in Sources */ = {isa = PBXBuildFile; fileRef = B259FD881FA6BC76005D0E46 /* AppDelegate.swift */; };
		B259FD8B1FA6BC76005D0E46 /* ViewController.swift in Sources */ = {isa = PBXBuildFile; fileRef = B259FD8A1FA6BC76005D0E46 /* ViewController.swift */; };
		B259FD8E1FA6BC76005D0E46 /* Main.storyboard in Resources */ = {isa = PBXBuildFile; fileRef = B259FD8C1FA6BC76005D0E46 /* Main.storyboard */; };
		B259FD901FA6BC76005D0E46 /* Assets.xcassets in Resources */ = {isa = PBXBuildFile; fileRef = B259FD8F1FA6BC76005D0E46 /* Assets.xcassets */; };
		B259FD931FA6BC76005D0E46 /* LaunchScreen.storyboard in Resources */ = {isa = PBXBuildFile; fileRef = B259FD911FA6BC76005D0E46 /* LaunchScreen.storyboard */; };
		B259FD9E1FA6BC76005D0E46 /* sampleTableView001Tests.swift in Sources */ = {isa = PBXBuildFile; fileRef = B259FD9D1FA6BC76005D0E46 /* sampleTableView001Tests.swift */; };
		B259FDA91FA6BC76005D0E46 /* sampleTableView001UITests.swift in Sources */ = {isa = PBXBuildFile; fileRef = B259FDA81FA6BC76005D0E46 /* sampleTableView001UITests.swift */; };
		B28A43961FAC0E2A00C776E2 /* DetailViewController.swift in Sources */ = {isa = PBXBuildFile; fileRef = B28A43951FAC0E2A00C776E2 /* DetailViewController.swift */; };
		B28A439C1FACBDC300C776E2 /* assam.gif in Resources */ = {isa = PBXBuildFile; fileRef = B28A43981FACBDC300C776E2 /* assam.gif */; };
		B28A439D1FACBDC300C776E2 /* earlgrey.jpg in Resources */ = {isa = PBXBuildFile; fileRef = B28A43991FACBDC300C776E2 /* earlgrey.jpg */; };
		B28A439E1FACBDC300C776E2 /* orangepeko.jpg in Resources */ = {isa = PBXBuildFile; fileRef = B28A439A1FACBDC300C776E2 /* orangepeko.jpg */; };
		B28A439F1FACBDC300C776E2 /* tabunDarjeeling.png in Resources */ = {isa = PBXBuildFile; fileRef = B28A439B1FACBDC300C776E2 /* tabunDarjeeling.png */; };
		B28A43A11FACCEA700C776E2 /* importfile.swift in Sources */ = {isa = PBXBuildFile; fileRef = B28A43A01FACCEA700C776E2 /* importfile.swift */; };
/* End PBXBuildFile section */

/* Begin PBXContainerItemProxy section */
		B259FD9A1FA6BC76005D0E46 /* PBXContainerItemProxy */ = {
			isa = PBXContainerItemProxy;
			containerPortal = B259FD7D1FA6BC76005D0E46 /* Project object */;
			proxyType = 1;
			remoteGlobalIDString = B259FD841FA6BC76005D0E46;
			remoteInfo = sampleTableView001;
		};
		B259FDA51FA6BC76005D0E46 /* PBXContainerItemProxy */ = {
			isa = PBXContainerItemProxy;
			containerPortal = B259FD7D1FA6BC76005D0E46 /* Project object */;
			proxyType = 1;
			remoteGlobalIDString = B259FD841FA6BC76005D0E46;
			remoteInfo = sampleTableView001;
		};
/* End PBXContainerItemProxy section */

/* Begin PBXFileReference section */
		B259FD851FA6BC76005D0E46 /* sampleTableView001.app */ = {isa = PBXFileReference; explicitFileType = wrapper.application; includeInIndex = 0; path = sampleTableView001.app; sourceTree = BUILT_PRODUCTS_DIR; };
		B259FD881FA6BC76005D0E46 /* AppDelegate.swift */ = {isa = PBXFileReference; lastKnownFileType = sourcecode.swift; path = AppDelegate.swift; sourceTree = "<group>"; };
		B259FD8A1FA6BC76005D0E46 /* ViewController.swift */ = {isa = PBXFileReference; lastKnownFileType = sourcecode.swift; path = ViewController.swift; sourceTree = "<group>"; };
		B259FD8D1FA6BC76005D0E46 /* Base */ = {isa = PBXFileReference; lastKnownFileType = file.storyboard; name = Base; path = Base.lproj/Main.storyboard; sourceTree = "<group>"; };
		B259FD8F1FA6BC76005D0E46 /* Assets.xcassets */ = {isa = PBXFileReference; lastKnownFileType = folder.assetcatalog; path = Assets.xcassets; sourceTree = "<group>"; };
		B259FD921FA6BC76005D0E46 /* Base */ = {isa = PBXFileReference; lastKnownFileType = file.storyboard; name = Base; path = Base.lproj/LaunchScreen.storyboard; sourceTree = "<group>"; };
		B259FD941FA6BC76005D0E46 /* Info.plist */ = {isa = PBXFileReference; lastKnownFileType = text.plist.xml; path = Info.plist; sourceTree = "<group>"; };
		B259FD991FA6BC76005D0E46 /* sampleTableView001Tests.xctest */ = {isa = PBXFileReference; explicitFileType = wrapper.cfbundle; includeInIndex = 0; path = sampleTableView001Tests.xctest; sourceTree = BUILT_PRODUCTS_DIR; };
		B259FD9D1FA6BC76005D0E46 /* sampleTableView001Tests.swift */ = {isa = PBXFileReference; lastKnownFileType = sourcecode.swift; path = sampleTableView001Tests.swift; sourceTree = "<group>"; };
		B259FD9F1FA6BC76005D0E46 /* Info.plist */ = {isa = PBXFileReference; lastKnownFileType = text.plist.xml; path = Info.plist; sourceTree = "<group>"; };
		B259FDA41FA6BC76005D0E46 /* sampleTableView001UITests.xctest */ = {isa = PBXFileReference; explicitFileType = wrapper.cfbundle; includeInIndex = 0; path = sampleTableView001UITests.xctest; sourceTree = BUILT_PRODUCTS_DIR; };
		B259FDA81FA6BC76005D0E46 /* sampleTableView001UITests.swift */ = {isa = PBXFileReference; lastKnownFileType = sourcecode.swift; path = sampleTableView001UITests.swift; sourceTree = "<group>"; };
		B259FDAA1FA6BC76005D0E46 /* Info.plist */ = {isa = PBXFileReference; lastKnownFileType = text.plist.xml; path = Info.plist; sourceTree = "<group>"; };
		B28A43951FAC0E2A00C776E2 /* DetailViewController.swift */ = {isa = PBXFileReference; lastKnownFileType = sourcecode.swift; path = DetailViewController.swift; sourceTree = "<group>"; };
		B28A43981FACBDC300C776E2 /* assam.gif */ = {isa = PBXFileReference; lastKnownFileType = image.gif; path = assam.gif; sourceTree = "<group>"; };
		B28A43991FACBDC300C776E2 /* earlgrey.jpg */ = {isa = PBXFileReference; lastKnownFileType = image.jpeg; path = earlgrey.jpg; sourceTree = "<group>"; };
		B28A439A1FACBDC300C776E2 /* orangepeko.jpg */ = {isa = PBXFileReference; lastKnownFileType = image.jpeg; path = orangepeko.jpg; sourceTree = "<group>"; };
		B28A439B1FACBDC300C776E2 /* tabunDarjeeling.png */ = {isa = PBXFileReference; lastKnownFileType = image.png; path = tabunDarjeeling.png; sourceTree = "<group>"; };
		B28A43A01FACCEA700C776E2 /* importfile.swift */ = {isa = PBXFileReference; lastKnownFileType = sourcecode.swift; path = importfile.swift; sourceTree = "<group>"; };
/* End PBXFileReference section */

/* Begin PBXFrameworksBuildPhase section */
		B259FD821FA6BC76005D0E46 /* Frameworks */ = {
			isa = PBXFrameworksBuildPhase;
			buildActionMask = 2147483647;
			files = (
			);
			runOnlyForDeploymentPostprocessing = 0;
		};
		B259FD961FA6BC76005D0E46 /* Frameworks */ = {
			isa = PBXFrameworksBuildPhase;
			buildActionMask = 2147483647;
			files = (
			);
			runOnlyForDeploymentPostprocessing = 0;
		};
		B259FDA11FA6BC76005D0E46 /* Frameworks */ = {
			isa = PBXFrameworksBuildPhase;
			buildActionMask = 2147483647;
			files = (
			);
			runOnlyForDeploymentPostprocessing = 0;
		};
/* End PBXFrameworksBuildPhase section */

/* Begin PBXGroup section */
		B259FD7C1FA6BC76005D0E46 = {
			isa = PBXGroup;
			children = (
				B259FD871FA6BC76005D0E46 /* sampleTableView001 */,
				B259FD9C1FA6BC76005D0E46 /* sampleTableView001Tests */,
				B259FDA71FA6BC76005D0E46 /* sampleTableView001UITests */,
				B259FD861FA6BC76005D0E46 /* Products */,
			);
			sourceTree = "<group>";
		};
		B259FD861FA6BC76005D0E46 /* Products */ = {
			isa = PBXGroup;
			children = (
				B259FD851FA6BC76005D0E46 /* sampleTableView001.app */,
				B259FD991FA6BC76005D0E46 /* sampleTableView001Tests.xctest */,
				B259FDA41FA6BC76005D0E46 /* sampleTableView001UITests.xctest */,
			);
			name = Products;
			sourceTree = "<group>";
		};
		B259FD871FA6BC76005D0E46 /* sampleTableView001 */ = {
			isa = PBXGroup;
			children = (
				B28A43971FACBDC300C776E2 /* img */,
				B259FD881FA6BC76005D0E46 /* AppDelegate.swift */,
				B259FD8A1FA6BC76005D0E46 /* ViewController.swift */,
				B28A43A01FACCEA700C776E2 /* importfile.swift */,
				B28A43951FAC0E2A00C776E2 /* DetailViewController.swift */,
				B259FD8C1FA6BC76005D0E46 /* Main.storyboard */,
				B259FD8F1FA6BC76005D0E46 /* Assets.xcassets */,
				B259FD911FA6BC76005D0E46 /* LaunchScreen.storyboard */,
				B259FD941FA6BC76005D0E46 /* Info.plist */,
			);
			path = sampleTableView001;
			sourceTree = "<group>";
		};
		B259FD9C1FA6BC76005D0E46 /* sampleTableView001Tests */ = {
			isa = PBXGroup;
			children = (
				B259FD9D1FA6BC76005D0E46 /* sampleTableView001Tests.swift */,
				B259FD9F1FA6BC76005D0E46 /* Info.plist */,
			);
			path = sampleTableView001Tests;
			sourceTree = "<group>";
		};
		B259FDA71FA6BC76005D0E46 /* sampleTableView001UITests */ = {
			isa = PBXGroup;
			children = (
				B259FDA81FA6BC76005D0E46 /* sampleTableView001UITests.swift */,
				B259FDAA1FA6BC76005D0E46 /* Info.plist */,
			);
			path = sampleTableView001UITests;
			sourceTree = "<group>";
		};
		B28A43971FACBDC300C776E2 /* img */ = {
			isa = PBXGroup;
			children = (
				B28A43981FACBDC300C776E2 /* assam.gif */,
				B28A43991FACBDC300C776E2 /* earlgrey.jpg */,
				B28A439A1FACBDC300C776E2 /* orangepeko.jpg */,
				B28A439B1FACBDC300C776E2 /* tabunDarjeeling.png */,
			);
			path = img;
			sourceTree = SOURCE_ROOT;
		};
/* End PBXGroup section */

/* Begin PBXNativeTarget section */
		B259FD841FA6BC76005D0E46 /* sampleTableView001 */ = {
			isa = PBXNativeTarget;
			buildConfigurationList = B259FDAD1FA6BC76005D0E46 /* Build configuration list for PBXNativeTarget "sampleTableView001" */;
			buildPhases = (
				B259FD811FA6BC76005D0E46 /* Sources */,
				B259FD821FA6BC76005D0E46 /* Frameworks */,
				B259FD831FA6BC76005D0E46 /* Resources */,
			);
			buildRules = (
			);
			dependencies = (
			);
			name = sampleTableView001;
			productName = sampleTableView001;
			productReference = B259FD851FA6BC76005D0E46 /* sampleTableView001.app */;
			productType = "com.apple.product-type.application";
		};
		B259FD981FA6BC76005D0E46 /* sampleTableView001Tests */ = {
			isa = PBXNativeTarget;
			buildConfigurationList = B259FDB01FA6BC76005D0E46 /* Build configuration list for PBXNativeTarget "sampleTableView001Tests" */;
			buildPhases = (
				B259FD951FA6BC76005D0E46 /* Sources */,
				B259FD961FA6BC76005D0E46 /* Frameworks */,
				B259FD971FA6BC76005D0E46 /* Resources */,
			);
			buildRules = (
			);
			dependencies = (
				B259FD9B1FA6BC76005D0E46 /* PBXTargetDependency */,
			);
			name = sampleTableView001Tests;
			productName = sampleTableView001Tests;
			productReference = B259FD991FA6BC76005D0E46 /* sampleTableView001Tests.xctest */;
			productType = "com.apple.product-type.bundle.unit-test";
		};
		B259FDA31FA6BC76005D0E46 /* sampleTableView001UITests */ = {
			isa = PBXNativeTarget;
			buildConfigurationList = B259FDB31FA6BC76005D0E46 /* Build configuration list for PBXNativeTarget "sampleTableView001UITests" */;
			buildPhases = (
				B259FDA01FA6BC76005D0E46 /* Sources */,
				B259FDA11FA6BC76005D0E46 /* Frameworks */,
				B259FDA21FA6BC76005D0E46 /* Resources */,
			);
			buildRules = (
			);
			dependencies = (
				B259FDA61FA6BC76005D0E46 /* PBXTargetDependency */,
			);
			name = sampleTableView001UITests;
			productName = sampleTableView001UITests;
			productReference = B259FDA41FA6BC76005D0E46 /* sampleTableView001UITests.xctest */;
			productType = "com.apple.product-type.bundle.ui-testing";
		};
/* End PBXNativeTarget section */

/* Begin PBXProject section */
		B259FD7D1FA6BC76005D0E46 /* Project object */ = {
			isa = PBXProject;
			attributes = {
				LastSwiftUpdateCheck = 0900;
				LastUpgradeCheck = 0900;
				ORGANIZATIONNAME = yuka;
				TargetAttributes = {
					B259FD841FA6BC76005D0E46 = {
						CreatedOnToolsVersion = 9.0.1;
						ProvisioningStyle = Automatic;
					};
					B259FD981FA6BC76005D0E46 = {
						CreatedOnToolsVersion = 9.0.1;
						ProvisioningStyle = Automatic;
						TestTargetID = B259FD841FA6BC76005D0E46;
					};
					B259FDA31FA6BC76005D0E46 = {
						CreatedOnToolsVersion = 9.0.1;
						ProvisioningStyle = Automatic;
						TestTargetID = B259FD841FA6BC76005D0E46;
					};
				};
			};
			buildConfigurationList = B259FD801FA6BC76005D0E46 /* Build configuration list for PBXProject "sampleTableView001" */;
			compatibilityVersion = "Xcode 8.0";
			developmentRegion = en;
			hasScannedForEncodings = 0;
			knownRegions = (
				en,
				Base,
			);
			mainGroup = B259FD7C1FA6BC76005D0E46;
			productRefGroup = B259FD861FA6BC76005D0E46 /* Products */;
			projectDirPath = "";
			projectRoot = "";
			targets = (
				B259FD841FA6BC76005D0E46 /* sampleTableView001 */,
				B259FD981FA6BC76005D0E46 /* sampleTableView001Tests */,
				B259FDA31FA6BC76005D0E46 /* sampleTableView001UITests */,
			);
		};
/* End PBXProject section */

/* Begin PBXResourcesBuildPhase section */
		B259FD831FA6BC76005D0E46 /* Resources */ = {
			isa = PBXResourcesBuildPhase;
			buildActionMask = 2147483647;
			files = (
				B259FD931FA6BC76005D0E46 /* LaunchScreen.storyboard in Resources */,
				B28A439F1FACBDC300C776E2 /* tabunDarjeeling.png in Resources */,
				B259FD901FA6BC76005D0E46 /* Assets.xcassets in Resources */,
				B28A439E1FACBDC300C776E2 /* orangepeko.jpg in Resources */,
				B28A439C1FACBDC300C776E2 /* assam.gif in Resources */,
				B259FD8E1FA6BC76005D0E46 /* Main.storyboard in Resources */,
				B28A439D1FACBDC300C776E2 /* earlgrey.jpg in Resources */,
			);
			runOnlyForDeploymentPostprocessing = 0;
		};
		B259FD971FA6BC76005D0E46 /* Resources */ = {
			isa = PBXResourcesBuildPhase;
			buildActionMask = 2147483647;
			files = (
			);
			runOnlyForDeploymentPostprocessing = 0;
		};
		B259FDA21FA6BC76005D0E46 /* Resources */ = {
			isa = PBXResourcesBuildPhase;
			buildActionMask = 2147483647;
			files = (
			);
			runOnlyForDeploymentPostprocessing = 0;
		};
/* End PBXResourcesBuildPhase section */

/* Begin PBXSourcesBuildPhase section */
		B259FD811FA6BC76005D0E46 /* Sources */ = {
			isa = PBXSourcesBuildPhase;
			buildActionMask = 2147483647;
			files = (
				B28A43961FAC0E2A00C776E2 /* DetailViewController.swift in Sources */,
				B259FD8B1FA6BC76005D0E46 /* ViewController.swift in Sources */,
				B28A43A11FACCEA700C776E2 /* importfile.swift in Sources */,
				B259FD891FA6BC76005D0E46 /* AppDelegate.swift in Sources */,
			);
			runOnlyForDeploymentPostprocessing = 0;
		};
		B259FD951FA6BC76005D0E46 /* Sources */ = {
			isa = PBXSourcesBuildPhase;
			buildActionMask = 2147483647;
			files = (
				B259FD9E1FA6BC76005D0E46 /* sampleTableView001Tests.swift in Sources */,
			);
			runOnlyForDeploymentPostprocessing = 0;
		};
		B259FDA01FA6BC76005D0E46 /* Sources */ = {
			isa = PBXSourcesBuildPhase;
			buildActionMask = 2147483647;
			files = (
				B259FDA91FA6BC76005D0E46 /* sampleTableView001UITests.swift in Sources */,
			);
			runOnlyForDeploymentPostprocessing = 0;
		};
/* End PBXSourcesBuildPhase section */

/* Begin PBXTargetDependency section */
		B259FD9B1FA6BC76005D0E46 /* PBXTargetDependency */ = {
			isa = PBXTargetDependency;
			target = B259FD841FA6BC76005D0E46 /* sampleTableView001 */;
			targetProxy = B259FD9A1FA6BC76005D0E46 /* PBXContainerItemProxy */;
		};
		B259FDA61FA6BC76005D0E46 /* PBXTargetDependency */ = {
			isa = PBXTargetDependency;
			target = B259FD841FA6BC76005D0E46 /* sampleTableView001 */;
			targetProxy = B259FDA51FA6BC76005D0E46 /* PBXContainerItemProxy */;
		};
/* End PBXTargetDependency section */

/* Begin PBXVariantGroup section */
		B259FD8C1FA6BC76005D0E46 /* Main.storyboard */ = {
			isa = PBXVariantGroup;
			children = (
				B259FD8D1FA6BC76005D0E46 /* Base */,
			);
			name = Main.storyboard;
			sourceTree = "<group>";
		};
		B259FD911FA6BC76005D0E46 /* LaunchScreen.storyboard */ = {
			isa = PBXVariantGroup;
			children = (
				B259FD921FA6BC76005D0E46 /* Base */,
			);
			name = LaunchScreen.storyboard;
			sourceTree = "<group>";
		};
/* End PBXVariantGroup section */

/* Begin XCBuildConfiguration section */
		B259FDAB1FA6BC76005D0E46 /* Debug */ = {
			isa = XCBuildConfiguration;
			buildSettings = {
				ALWAYS_SEARCH_USER_PATHS = NO;
				CLANG_ANALYZER_NONNULL = YES;
				CLANG_ANALYZER_NUMBER_OBJECT_CONVERSION = YES_AGGRESSIVE;
				CLANG_CXX_LANGUAGE_STANDARD = "gnu++14";
				CLANG_CXX_LIBRARY = "libc++";
				CLANG_ENABLE_MODULES = YES;
				CLANG_ENABLE_OBJC_ARC = YES;
				CLANG_WARN_BLOCK_CAPTURE_AUTORELEASING = YES;
				CLANG_WARN_BOOL_CONVERSION = YES;
				CLANG_WARN_COMMA = YES;
				CLANG_WARN_CONSTANT_CONVERSION = YES;
				CLANG_WARN_DIRECT_OBJC_ISA_USAGE = YES_ERROR;
				CLANG_WARN_DOCUMENTATION_COMMENTS = YES;
				CLANG_WARN_EMPTY_BODY = YES;
				CLANG_WARN_ENUM_CONVERSION = YES;
				CLANG_WARN_INFINITE_RECURSION = YES;
				CLANG_WARN_INT_CONVERSION = YES;
				CLANG_WARN_NON_LITERAL_NULL_CONVERSION = YES;
				CLANG_WARN_OBJC_LITERAL_CONVERSION = YES;
				CLANG_WARN_OBJC_ROOT_CLASS = YES_ERROR;
				CLANG_WARN_RANGE_LOOP_ANALYSIS = YES;
				CLANG_WARN_STRICT_PROTOTYPES = YES;
				CLANG_WARN_SUSPICIOUS_MOVE = YES;
				CLANG_WARN_UNGUARDED_AVAILABILITY = YES_AGGRESSIVE;
				CLANG_WARN_UNREACHABLE_CODE = YES;
				CLANG_WARN__DUPLICATE_METHOD_MATCH = YES;
				CODE_SIGN_IDENTITY = "iPhone Developer";
				COPY_PHASE_STRIP = NO;
				DEBUG_INFORMATION_FORMAT = dwarf;
				ENABLE_STRICT_OBJC_MSGSEND = YES;
				ENABLE_TESTABILITY = YES;
				GCC_C_LANGUAGE_STANDARD = gnu11;
				GCC_DYNAMIC_NO_PIC = NO;
				GCC_NO_COMMON_BLOCKS = YES;
				GCC_OPTIMIZATION_LEVEL = 0;
				GCC_PREPROCESSOR_DEFINITIONS = (
					"DEBUG=1",
					"$(inherited)",
				);
				GCC_WARN_64_TO_32_BIT_CONVERSION = YES;
				GCC_WARN_ABOUT_RETURN_TYPE = YES_ERROR;
				GCC_WARN_UNDECLARED_SELECTOR = YES;
				GCC_WARN_UNINITIALIZED_AUTOS = YES_AGGRESSIVE;
				GCC_WARN_UNUSED_FUNCTION = YES;
				GCC_WARN_UNUSED_VARIABLE = YES;
				IPHONEOS_DEPLOYMENT_TARGET = 11.0;
				MTL_ENABLE_DEBUG_INFO = YES;
				ONLY_ACTIVE_ARCH = YES;
				SDKROOT = iphoneos;
				SWIFT_ACTIVE_COMPILATION_CONDITIONS = DEBUG;
				SWIFT_OPTIMIZATION_LEVEL = "-Onone";
			};
			name = Debug;
		};
		B259FDAC1FA6BC76005D0E46 /* Release */ = {
			isa = XCBuildConfiguration;
			buildSettings = {
				ALWAYS_SEARCH_USER_PATHS = NO;
				CLANG_ANALYZER_NONNULL = YES;
				CLANG_ANALYZER_NUMBER_OBJECT_CONVERSION = YES_AGGRESSIVE;
				CLANG_CXX_LANGUAGE_STANDARD = "gnu++14";
				CLANG_CXX_LIBRARY = "libc++";
				CLANG_ENABLE_MODULES = YES;
				CLANG_ENABLE_OBJC_ARC = YES;
				CLANG_WARN_BLOCK_CAPTURE_AUTORELEASING = YES;
				CLANG_WARN_BOOL_CONVERSION = YES;
				CLANG_WARN_COMMA = YES;
				CLANG_WARN_CONSTANT_CONVERSION = YES;
				CLANG_WARN_DIRECT_OBJC_ISA_USAGE = YES_ERROR;
				CLANG_WARN_DOCUMENTATION_COMMENTS = YES;
				CLANG_WARN_EMPTY_BODY = YES;
				CLANG_WARN_ENUM_CONVERSION = YES;
				CLANG_WARN_INFINITE_RECURSION = YES;
				CLANG_WARN_INT_CONVERSION = YES;
				CLANG_WARN_NON_LITERAL_NULL_CONVERSION = YES;
				CLANG_WARN_OBJC_LITERAL_CONVERSION = YES;
				CLANG_WARN_OBJC_ROOT_CLASS = YES_ERROR;
				CLANG_WARN_RANGE_LOOP_ANALYSIS = YES;
				CLANG_WARN_STRICT_PROTOTYPES = YES;
				CLANG_WARN_SUSPICIOUS_MOVE = YES;
				CLANG_WARN_UNGUARDED_AVAILABILITY = YES_AGGRESSIVE;
				CLANG_WARN_UNREACHABLE_CODE = YES;
				CLANG_WARN__DUPLICATE_METHOD_MATCH = YES;
				CODE_SIGN_IDENTITY = "iPhone Developer";
				COPY_PHASE_STRIP = NO;
				DEBUG_INFORMATION_FORMAT = "dwarf-with-dsym";
				ENABLE_NS_ASSERTIONS = NO;
				ENABLE_STRICT_OBJC_MSGSEND = YES;
				GCC_C_LANGUAGE_STANDARD = gnu11;
				GCC_NO_COMMON_BLOCKS = YES;
				GCC_WARN_64_TO_32_BIT_CONVERSION = YES;
				GCC_WARN_ABOUT_RETURN_TYPE = YES_ERROR;
				GCC_WARN_UNDECLARED_SELECTOR = YES;
				GCC_WARN_UNINITIALIZED_AUTOS = YES_AGGRESSIVE;
				GCC_WARN_UNUSED_FUNCTION = YES;
				GCC_WARN_UNUSED_VARIABLE = YES;
				IPHONEOS_DEPLOYMENT_TARGET = 11.0;
				MTL_ENABLE_DEBUG_INFO = NO;
				SDKROOT = iphoneos;
				SWIFT_OPTIMIZATION_LEVEL = "-Owholemodule";
				VALIDATE_PRODUCT = YES;
			};
			name = Release;
		};
		B259FDAE1FA6BC76005D0E46 /* Debug */ = {
			isa = XCBuildConfiguration;
			buildSettings = {
				ASSETCATALOG_COMPILER_APPICON_NAME = AppIcon;
				CODE_SIGN_STYLE = Automatic;
				INFOPLIST_FILE = sampleTableView001/Info.plist;
				LD_RUNPATH_SEARCH_PATHS = "$(inherited) @executable_path/Frameworks";
				PRODUCT_BUNDLE_IDENTIFIER = com.yukao.sampleTableView001;
				PRODUCT_NAME = "$(TARGET_NAME)";
				SWIFT_VERSION = 4.0;
				TARGETED_DEVICE_FAMILY = "1,2";
			};
			name = Debug;
		};
		B259FDAF1FA6BC76005D0E46 /* Release */ = {
			isa = XCBuildConfiguration;
			buildSettings = {
				ASSETCATALOG_COMPILER_APPICON_NAME = AppIcon;
				CODE_SIGN_STYLE = Automatic;
				INFOPLIST_FILE = sampleTableView001/Info.plist;
				LD_RUNPATH_SEARCH_PATHS = "$(inherited) @executable_path/Frameworks";
				PRODUCT_BUNDLE_IDENTIFIER = com.yukao.sampleTableView001;
				PRODUCT_NAME = "$(TARGET_NAME)";
				SWIFT_VERSION = 4.0;
				TARGETED_DEVICE_FAMILY = "1,2";
			};
			name = Release;
		};
		B259FDB11FA6BC76005D0E46 /* Debug */ = {
			isa = XCBuildConfiguration;
			buildSettings = {
				ALWAYS_EMBED_SWIFT_STANDARD_LIBRARIES = YES;
				BUNDLE_LOADER = "$(TEST_HOST)";
				CODE_SIGN_STYLE = Automatic;
				INFOPLIST_FILE = sampleTableView001Tests/Info.plist;
				LD_RUNPATH_SEARCH_PATHS = "$(inherited) @executable_path/Frameworks @loader_path/Frameworks";
				PRODUCT_BUNDLE_IDENTIFIER = com.yukao.sampleTableView001Tests;
				PRODUCT_NAME = "$(TARGET_NAME)";
				SWIFT_VERSION = 4.0;
				TARGETED_DEVICE_FAMILY = "1,2";
				TEST_HOST = "$(BUILT_PRODUCTS_DIR)/sampleTableView001.app/sampleTableView001";
			};
			name = Debug;
		};
		B259FDB21FA6BC76005D0E46 /* Release */ = {
			isa = XCBuildConfiguration;
			buildSettings = {
				ALWAYS_EMBED_SWIFT_STANDARD_LIBRARIES = YES;
				BUNDLE_LOADER = "$(TEST_HOST)";
				CODE_SIGN_STYLE = Automatic;
				INFOPLIST_FILE = sampleTableView001Tests/Info.plist;
				LD_RUNPATH_SEARCH_PATHS = "$(inherited) @executable_path/Frameworks @loader_path/Frameworks";
				PRODUCT_BUNDLE_IDENTIFIER = com.yukao.sampleTableView001Tests;
				PRODUCT_NAME = "$(TARGET_NAME)";
				SWIFT_VERSION = 4.0;
				TARGETED_DEVICE_FAMILY = "1,2";
				TEST_HOST = "$(BUILT_PRODUCTS_DIR)/sampleTableView001.app/sampleTableView001";
			};
			name = Release;
		};
		B259FDB41FA6BC76005D0E46 /* Debug */ = {
			isa = XCBuildConfiguration;
			buildSettings = {
				ALWAYS_EMBED_SWIFT_STANDARD_LIBRARIES = YES;
				CODE_SIGN_STYLE = Automatic;
				INFOPLIST_FILE = sampleTableView001UITests/Info.plist;
				LD_RUNPATH_SEARCH_PATHS = "$(inherited) @executable_path/Frameworks @loader_path/Frameworks";
				PRODUCT_BUNDLE_IDENTIFIER = com.yukao.sampleTableView001UITests;
				PRODUCT_NAME = "$(TARGET_NAME)";
				SWIFT_VERSION = 4.0;
				TARGETED_DEVICE_FAMILY = "1,2";
				TEST_TARGET_NAME = sampleTableView001;
			};
			name = Debug;
		};
		B259FDB51FA6BC76005D0E46 /* Release */ = {
			isa = XCBuildConfiguration;
			buildSettings = {
				ALWAYS_EMBED_SWIFT_STANDARD_LIBRARIES = YES;
				CODE_SIGN_STYLE = Automatic;
				INFOPLIST_FILE = sampleTableView001UITests/Info.plist;
				LD_RUNPATH_SEARCH_PATHS = "$(inherited) @executable_path/Frameworks @loader_path/Frameworks";
				PRODUCT_BUNDLE_IDENTIFIER = com.yukao.sampleTableView001UITests;
				PRODUCT_NAME = "$(TARGET_NAME)";
				SWIFT_VERSION = 4.0;
				TARGETED_DEVICE_FAMILY = "1,2";
				TEST_TARGET_NAME = sampleTableView001;
			};
			name = Release;
		};
/* End XCBuildConfiguration section */

/* Begin XCConfigurationList section */
		B259FD801FA6BC76005D0E46 /* Build configuration list for PBXProject "sampleTableView001" */ = {
			isa = XCConfigurationList;
			buildConfigurations = (
				B259FDAB1FA6BC76005D0E46 /* Debug */,
				B259FDAC1FA6BC76005D0E46 /* Release */,
			);
			defaultConfigurationIsVisible = 0;
			defaultConfigurationName = Release;
		};
		B259FDAD1FA6BC76005D0E46 /* Build configuration list for PBXNativeTarget "sampleTableView001" */ = {
			isa = XCConfigurationList;
			buildConfigurations = (
				B259FDAE1FA6BC76005D0E46 /* Debug */,
				B259FDAF1FA6BC76005D0E46 /* Release */,
			);
			defaultConfigurationIsVisible = 0;
			defaultConfigurationName = Release;
		};
		B259FDB01FA6BC76005D0E46 /* Build configuration list for PBXNativeTarget "sampleTableView001Tests" */ = {
			isa = XCConfigurationList;
			buildConfigurations = (
				B259FDB11FA6BC76005D0E46 /* Debug */,
				B259FDB21FA6BC76005D0E46 /* Release */,
			);
			defaultConfigurationIsVisible = 0;
			defaultConfigurationName = Release;
		};
		B259FDB31FA6BC76005D0E46 /* Build configuration list for PBXNativeTarget "sampleTableView001UITests" */ = {
			isa = XCConfigurationList;
			buildConfigurations = (
				B259FDB41FA6BC76005D0E46 /* Debug */,
				B259FDB51FA6BC76005D0E46 /* Release */,
			);
			defaultConfigurationIsVisible = 0;
			defaultConfigurationName = Release;
		};
/* End XCConfigurationList section */
	};
	rootObject = B259FD7D1FA6BC76005D0E46 /* Project object */;
}
